<?xml version="1.0" encoding="utf-8"?>
<Project ToolsVersion="4.0" xmlns="http://schemas.microsoft.com/developer/msbuild/2003">
  <ItemGroup>
    <Filter Include="public">
      <UniqueIdentifier>{726b2a59-c3a1-481a-b625-02440beedd56}</UniqueIdentifier>
    </Filter>
    <Filter Include="private">
      <UniqueIdentifier>{1e07b267-5a80-42c9-908f-671716c32056}</UniqueIdentifier>
    </Filter>
    <Filter Include="private\fraction">
      <UniqueIdentifier>{4c70cc89-8eec-45e8-ab67-ab9ac6106529}</UniqueIdentifier>
    </Filter>
    <Filter Include="private\other">
      <UniqueIdentifier>{1539bb76-e55a-4cc7-93d9-0faccbda8fc3}</UniqueIdentifier>
    </Filter>
    <Filter Include="private\general">
      <UniqueIdentifier>{195320ea-db60-469f-9fa5-3d2040ee359b}</UniqueIdentifier>
    </Filter>
    <Filter Include="include">
      <UniqueIdentifier>{93995380-89BD-4b04-88EB-625FBE52EBFB}</UniqueIdentifier>
      <Extensions>h;hh;hpp;hxx;hm;inl;inc;ipp;xsd</Extensions>
    </Filter>
    <Filter Include="private\calculus">
      <UniqueIdentifier>{f081f0ee-3657-4e6e-9d82-7c75f511cf48}</UniqueIdentifier>
    </Filter>
    <Filter Include="private\complex">
      <UniqueIdentifier>{2f54a8e4-db44-48d4-8f7e-03a67108b67b}</UniqueIdentifier>
    </Filter>
    <Filter Include="private\lapack">
      <UniqueIdentifier>{cf94f240-678f-4a10-bf5b-578171c1b451}</UniqueIdentifier>
    </Filter>
    <Filter Include="private\physic">
      <UniqueIdentifier>{3c229013-ceba-4178-aa9c-f9a248457c65}</UniqueIdentifier>
    </Filter>
    <Filter Include="private\cg">
      <UniqueIdentifier>{7556316e-04cb-46e6-9c51-5d991693e3f8}</UniqueIdentifier>
    </Filter>
  </ItemGroup>
  <ItemGroup>
    <ClInclude Include="..\src\clmagic\math.h">
      <Filter>include</Filter>
    </ClInclude>
    <ClInclude Include="..\src\clmagic\calculation\calculus\intergration.h">
      <Filter>private\calculus</Filter>
    </ClInclude>
    <ClInclude Include="..\src\clmagic\calculation\complex\WilliamRowanHamilton.h">
      <Filter>private\complex</Filter>
    </ClInclude>
    <ClInclude Include="..\src\clmagic\calculation\general\clmagic.h">
      <Filter>private\general</Filter>
    </ClInclude>
    <ClInclude Include="..\src\clmagic\calculation\general\general.h">
      <Filter>private\general</Filter>
    </ClInclude>
    <ClInclude Include="..\src\clmagic\calculation\general\simd.h">
      <Filter>private\general</Filter>
    </ClInclude>
    <ClInclude Include="..\src\clmagic\calculation\lapack\Euler.h">
      <Filter>private\lapack</Filter>
    </ClInclude>
    <ClInclude Include="..\src\clmagic\calculation\lapack\general.inl.h">
      <Filter>private\lapack</Filter>
    </ClInclude>
    <ClInclude Include="..\src\clmagic\calculation\lapack\geometry.h">
      <Filter>private\lapack</Filter>
    </ClInclude>
    <ClInclude Include="..\src\clmagic\calculation\lapack\matrix.h">
      <Filter>private\lapack</Filter>
    </ClInclude>
    <ClInclude Include="..\src\clmagic\calculation\lapack\Rodrigues.h">
      <Filter>private\lapack</Filter>
    </ClInclude>
    <ClInclude Include="..\src\clmagic\calculation\lapack\vector.h">
      <Filter>private\lapack</Filter>
    </ClInclude>
    <ClInclude Include="..\src\clmagic\calculation\other\color_space.inl.h">
      <Filter>private\other</Filter>
    </ClInclude>
    <ClInclude Include="..\src\clmagic\calculation\other\rect2d.inl.h">
      <Filter>private\other</Filter>
    </ClInclude>
    <ClInclude Include="..\src\clmagic\calculation\physic\atmosphere_scattering.h">
      <Filter>private\physic</Filter>
    </ClInclude>
    <ClInclude Include="..\src\clmagic\calculation\physic\Snell.h">
      <Filter>private\physic</Filter>
    </ClInclude>
    <ClInclude Include="..\src\clmagic\calculation\calculus\differentiation.h">
      <Filter>private\calculus</Filter>
    </ClInclude>
    <ClInclude Include="..\src\clmagic\calculation\physic\reflection.h">
      <Filter>private\physic</Filter>
    </ClInclude>
    <ClInclude Include="..\src\clmagic\calculation\physic\Schlick.h">
      <Filter>private\physic</Filter>
    </ClInclude>
    <ClInclude Include="..\src\clmagic\calculation\cg\microfacet.h">
      <Filter>private\cg</Filter>
    </ClInclude>
    <ClInclude Include="..\src\clmagic\calculation\cg\reflectance.h">
      <Filter>private\cg</Filter>
    </ClInclude>
    <ClInclude Include="..\src\clmagic\calculation\cg\rendering.h">
      <Filter>private\cg</Filter>
    </ClInclude>
    <ClInclude Include="..\src\clmagic\calculation\cg\intersection.h">
      <Filter>private\cg</Filter>
    </ClInclude>
    <ClInclude Include="..\src\clmagic\calculation\physic\quantity.h">
      <Filter>private\physic</Filter>
    </ClInclude>
    <ClInclude Include="..\src\clmagic\calculation\general\bitset.h">
      <Filter>private\general</Filter>
    </ClInclude>
    <ClInclude Include="..\src\clmagic\calculation\general\rational.h">
      <Filter>private\general</Filter>
    </ClInclude>
    <ClInclude Include="..\src\clmagic\calculation\general\real.h">
      <Filter>private\general</Filter>
    </ClInclude>
    <ClInclude Include="..\src\clmagic\calculation\general\Stirling.h">
      <Filter>private\general</Filter>
    </ClInclude>
    <ClInclude Include="..\src\clmagic\calculation\physic\dynamics.h">
      <Filter>private\physic</Filter>
    </ClInclude>
  </ItemGroup>
  <ItemGroup>
    <None Include="..\src\clmagic\calculation\physic\Snell_law.html">
      <Filter>private\physic</Filter>
    </None>
    <None Include="..\src\clmagic\calculation\cg\rendering.hlsl">
      <Filter>private\cg</Filter>
    </None>
  </ItemGroup>
</Project>