<?xml version="1.0" encoding="utf-8"?>
<Project ToolsVersion="4.0" xmlns="http://schemas.microsoft.com/developer/msbuild/2003">
  <ItemGroup>
    <ClCompile Include="main.cpp" />
    <ClCompile Include="Waves.cpp" />
    <ClCompile Include="Common\GeometryGenerator.cpp" />
  </ItemGroup>
  <ItemGroup>
    <Filter Include="shader">
      <UniqueIdentifier>{c71161a0-a5d2-49b6-915a-4255c8a34407}</UniqueIdentifier>
    </Filter>
  </ItemGroup>
  <ItemGroup>
    <ClInclude Include="Waves.h" />
  </ItemGroup>
  <ItemGroup>
    <None Include="shader\norm.hlsl">
      <Filter>shader</Filter>
    </None>
  </ItemGroup>
</Project>